
Microsoft Visual Studio Solution File, Format Version 12.00
# Visual Studio Version 17
VisualStudioVersion = 17.10.34607.79
MinimumVisualStudioVersion = 10.0.40219.1
Project("{FAE04EC0-301F-11D3-BF4B-00C04F79EFBC}") = "8-) Hashtable II", "8-) Hashtable II.csproj", "{A209ECEF-7A43-4D0E-BA94-BDD2FCCB3AC0}"
EndProject
Global
	GlobalSection(SolutionConfigurationPlatforms) = preSolution
		Debug|Any CPU = Debug|Any CPU
		Release|Any CPU = Release|Any CPU
	EndGlobalSection
	GlobalSection(ProjectConfigurationPlatforms) = postSolution
		{A209ECEF-7A43-4D0E-BA94-BDD2FCCB3AC0}.Debug|Any CPU.ActiveCfg = Debug|Any CPU
		{A209ECEF-7A43-4D0E-BA94-BDD2FCCB3AC0}.Debug|Any CPU.Build.0 = Debug|Any CPU
		{A209ECEF-7A43-4D0E-BA94-BDD2FCCB3AC0}.Release|Any CPU.ActiveCfg = Release|Any CPU
		{A209ECEF-7A43-4D0E-BA94-BDD2FCCB3AC0}.Release|Any CPU.Build.0 = Release|Any CPU
	EndGlobalSection
	GlobalSection(SolutionProperties) = preSolution
		HideSolutionNode = FALSE
	EndGlobalSection
	GlobalSection(ExtensibilityGlobals) = postSolution
		SolutionGuid = {3040466D-958A-4A85-8B00-395E54467FF7}
	EndGlobalSection
EndGlobal
