
Microsoft Visual Studio Solution File, Format Version 12.00
# Visual Studio Version 17
VisualStudioVersion = 17.10.34607.79
MinimumVisualStudioVersion = 10.0.40219.1
Project("{FAE04EC0-301F-11D3-BF4B-00C04F79EFBC}") = "9-) SortedList", "9-) SortedList.csproj", "{D3112F9F-FDEB-4ECE-A1EC-917FFDBE56DF}"
EndProject
Global
	GlobalSection(SolutionConfigurationPlatforms) = preSolution
		Debug|Any CPU = Debug|Any CPU
		Release|Any CPU = Release|Any CPU
	EndGlobalSection
	GlobalSection(ProjectConfigurationPlatforms) = postSolution
		{D3112F9F-FDEB-4ECE-A1EC-917FFDBE56DF}.Debug|Any CPU.ActiveCfg = Debug|Any CPU
		{D3112F9F-FDEB-4ECE-A1EC-917FFDBE56DF}.Debug|Any CPU.Build.0 = Debug|Any CPU
		{D3112F9F-FDEB-4ECE-A1EC-917FFDBE56DF}.Release|Any CPU.ActiveCfg = Release|Any CPU
		{D3112F9F-FDEB-4ECE-A1EC-917FFDBE56DF}.Release|Any CPU.Build.0 = Release|Any CPU
	EndGlobalSection
	GlobalSection(SolutionProperties) = preSolution
		HideSolutionNode = FALSE
	EndGlobalSection
	GlobalSection(ExtensibilityGlobals) = postSolution
		SolutionGuid = {20587101-DE75-4145-83F7-D0C5C9AB9F61}
	EndGlobalSection
EndGlobal
