
Microsoft Visual Studio Solution File, Format Version 12.00
# Visual Studio Version 17
VisualStudioVersion = 17.10.34607.79
MinimumVisualStudioVersion = 10.0.40219.1
Project("{FAE04EC0-301F-11D3-BF4B-00C04F79EFBC}") = "19-) SortedDictionary", "19-) SortedDictionary.csproj", "{ACDA4476-5890-40B9-AB88-73D2F445BC9D}"
EndProject
Global
	GlobalSection(SolutionConfigurationPlatforms) = preSolution
		Debug|Any CPU = Debug|Any CPU
		Release|Any CPU = Release|Any CPU
	EndGlobalSection
	GlobalSection(ProjectConfigurationPlatforms) = postSolution
		{ACDA4476-5890-40B9-AB88-73D2F445BC9D}.Debug|Any CPU.ActiveCfg = Debug|Any CPU
		{ACDA4476-5890-40B9-AB88-73D2F445BC9D}.Debug|Any CPU.Build.0 = Debug|Any CPU
		{ACDA4476-5890-40B9-AB88-73D2F445BC9D}.Release|Any CPU.ActiveCfg = Release|Any CPU
		{ACDA4476-5890-40B9-AB88-73D2F445BC9D}.Release|Any CPU.Build.0 = Release|Any CPU
	EndGlobalSection
	GlobalSection(SolutionProperties) = preSolution
		HideSolutionNode = FALSE
	EndGlobalSection
	GlobalSection(ExtensibilityGlobals) = postSolution
		SolutionGuid = {6F704A7F-80BB-423D-9406-D6D4C8D43577}
	EndGlobalSection
EndGlobal
