
Microsoft Visual Studio Solution File, Format Version 12.00
# Visual Studio Version 17
VisualStudioVersion = 17.10.34707.107
MinimumVisualStudioVersion = 10.0.40219.1
Project("{FAE04EC0-301F-11D3-BF4B-00C04F79EFBC}") = "23-) HashSet", "23-) HashSet.csproj", "{FDDC8442-23A8-49C8-BF63-087A3FCE3888}"
EndProject
Global
	GlobalSection(SolutionConfigurationPlatforms) = preSolution
		Debug|Any CPU = Debug|Any CPU
		Release|Any CPU = Release|Any CPU
	EndGlobalSection
	GlobalSection(ProjectConfigurationPlatforms) = postSolution
		{FDDC8442-23A8-49C8-BF63-087A3FCE3888}.Debug|Any CPU.ActiveCfg = Debug|Any CPU
		{FDDC8442-23A8-49C8-BF63-087A3FCE3888}.Debug|Any CPU.Build.0 = Debug|Any CPU
		{FDDC8442-23A8-49C8-BF63-087A3FCE3888}.Release|Any CPU.ActiveCfg = Release|Any CPU
		{FDDC8442-23A8-49C8-BF63-087A3FCE3888}.Release|Any CPU.Build.0 = Release|Any CPU
	EndGlobalSection
	GlobalSection(SolutionProperties) = preSolution
		HideSolutionNode = FALSE
	EndGlobalSection
	GlobalSection(ExtensibilityGlobals) = postSolution
		SolutionGuid = {C249ABC7-8277-4BF9-922D-2F4A9A04AF22}
	EndGlobalSection
EndGlobal
