
Microsoft Visual Studio Solution File, Format Version 12.00
# Visual Studio Version 17
VisualStudioVersion = 17.10.34607.79
MinimumVisualStudioVersion = 10.0.40219.1
Project("{FAE04EC0-301F-11D3-BF4B-00C04F79EFBC}") = "11-) List", "11-) List.csproj", "{E60380FF-9EC9-40DD-B71F-D4503F006AD4}"
EndProject
Global
	GlobalSection(SolutionConfigurationPlatforms) = preSolution
		Debug|Any CPU = Debug|Any CPU
		Release|Any CPU = Release|Any CPU
	EndGlobalSection
	GlobalSection(ProjectConfigurationPlatforms) = postSolution
		{E60380FF-9EC9-40DD-B71F-D4503F006AD4}.Debug|Any CPU.ActiveCfg = Debug|Any CPU
		{E60380FF-9EC9-40DD-B71F-D4503F006AD4}.Debug|Any CPU.Build.0 = Debug|Any CPU
		{E60380FF-9EC9-40DD-B71F-D4503F006AD4}.Release|Any CPU.ActiveCfg = Release|Any CPU
		{E60380FF-9EC9-40DD-B71F-D4503F006AD4}.Release|Any CPU.Build.0 = Release|Any CPU
	EndGlobalSection
	GlobalSection(SolutionProperties) = preSolution
		HideSolutionNode = FALSE
	EndGlobalSection
	GlobalSection(ExtensibilityGlobals) = postSolution
		SolutionGuid = {B32084DF-FD04-45F6-80BC-D000699733F2}
	EndGlobalSection
EndGlobal
